
Microsoft Visual Studio Solution File, Format Version 12.00
# Visual Studio Version 16
VisualStudioVersion = 16.0.30517.126
MinimumVisualStudioVersion = 10.0.40219.1
Project("{FAE04EC0-301F-11D3-BF4B-00C04F79EFBC}") = "Viikinkishakki", "Viikinkishakki\Viikinkishakki.csproj", "{0E3385B1-069F-4C20-A18B-1A015C0F71F2}"
EndProject
Global
	GlobalSection(SolutionConfigurationPlatforms) = preSolution
		Debug|Any CPU = Debug|Any CPU
		Release|Any CPU = Release|Any CPU
	EndGlobalSection
	GlobalSection(ProjectConfigurationPlatforms) = postSolution
		{0E3385B1-069F-4C20-A18B-1A015C0F71F2}.Debug|Any CPU.ActiveCfg = Debug|Any CPU
		{0E3385B1-069F-4C20-A18B-1A015C0F71F2}.Debug|Any CPU.Build.0 = Debug|Any CPU
		{0E3385B1-069F-4C20-A18B-1A015C0F71F2}.Release|Any CPU.ActiveCfg = Release|Any CPU
		{0E3385B1-069F-4C20-A18B-1A015C0F71F2}.Release|Any CPU.Build.0 = Release|Any CPU
	EndGlobalSection
	GlobalSection(SolutionProperties) = preSolution
		HideSolutionNode = FALSE
	EndGlobalSection
	GlobalSection(ExtensibilityGlobals) = postSolution
		SolutionGuid = {F00A2C0F-9391-4E5E-BBC0-9F41DFADB5BD}
	EndGlobalSection
EndGlobal
